schema: '2.0'
stages:
  feature_engineering:
    cmd: uv run python src/features/FeatureEngineering.py --train-input 
      data/raw/train.csv --test-input data/raw/test.csv --valid-size 0.2 
      --train-log-output data/processed/train_log.parquet --test-log-output 
      data/processed/test_log.parquet --valid-log-output 
      data/processed/valid_log.parquet --train-tree-output 
      data/processed/train_tree.parquet --test-tree-output 
      data/processed/test_tree.parquet --valid-tree-output 
      data/processed/valid_tree.parquet --fe-params-output 
      models/trained/fe_params.pkl --onehot-encoder-output 
      models/artifacts/onehot_encoder.pkl --scaler-output 
      models/artifacts/scaler.pkl --label-encoders-output 
      models/artifacts/label_encoders.pkl
    deps:
    - path: data/raw/test.csv
      hash: md5
      md5: 71cbfc58c90d5395ee12ac55cb690f0d
      size: 21161300
    - path: data/raw/train.csv
      hash: md5
      md5: b36bbe29222125a32dd0a5d40bd7c126
      size: 84701362
    - path: src/features/FeatureEngineering.py
      hash: md5
      md5: 58fd99fdfe6fb24d626c9e00547b4111
      size: 14053
    params:
      params.yaml:
        data:
          train_path: data/raw/train.csv
          test_path: data/raw/test.csv
          valid_size: 0.2
          train_log_path: data/processed/train_log.parquet
          valid_log_path: data/processed/valid_log.parquet
          test_log_path: data/processed/test_log.parquet
          train_tree_path: data/processed/train_tree.parquet
          valid_tree_path: data/processed/valid_tree.parquet
          test_tree_path: data/processed/test_tree.parquet
    outs:
    - path: data/processed/test_log.parquet
      hash: md5
      md5: 49144ecbf3b27d1781c845ad0df858c7
      size: 4933461
    - path: data/processed/test_tree.parquet
      hash: md5
      md5: d81273d1f8cee481493b87cff6772284
      size: 4498368
    - path: data/processed/train_log.parquet
      hash: md5
      md5: 3a3388332bb25173e59bacf5d3fdd754
      size: 13694288
    - path: data/processed/train_tree.parquet
      hash: md5
      md5: 3d9463df9f5168a076e877bea6054b29
      size: 12484324
    - path: data/processed/valid_log.parquet
      hash: md5
      md5: 864ac0936c0d1b5c09aa7a99b2111974
      size: 4112402
    - path: data/processed/valid_tree.parquet
      hash: md5
      md5: dc1de90e6b2ed6beba4290b9f0eacf96
      size: 3749133
    - path: models/artifacts/label_encoders.pkl
      hash: md5
      md5: 575b5bd849f6ecdd68111065e16c32d8
      size: 2186
    - path: models/artifacts/onehot_encoder.pkl
      hash: md5
      md5: 158a5af0cd66eb191d890cd994cfc236
      size: 2539
    - path: models/artifacts/scaler.pkl
      hash: md5
      md5: 4d787a6c5104a82cd2ff0ebe0a003654
      size: 1671
    - path: models/trained/fe_params.pkl
      hash: md5
      md5: db924eb393a77efbcebef06ca06bfe35
      size: 143
  train_models:
    cmd: uv run python src/model/train_models.py --config 
      configs/model_config.yaml --train-log data/processed/train_log.parquet 
      --valid-log data/processed/valid_log.parquet --train-tree 
      data/processed/train_tree.parquet --valid-tree 
      data/processed/valid_tree.parquet --reports-dir reports/training 
      --mlflow-tracking-uri http://localhost:5555
    deps:
    - path: configs/model_config.yaml
      hash: md5
      md5: ec3c51ddfb56dd8a3781843a701f416a
      size: 1091
    - path: data/processed/train_log.parquet
      hash: md5
      md5: 3a3388332bb25173e59bacf5d3fdd754
      size: 13694288
    - path: data/processed/train_tree.parquet
      hash: md5
      md5: 3d9463df9f5168a076e877bea6054b29
      size: 12484324
    - path: data/processed/valid_log.parquet
      hash: md5
      md5: 864ac0936c0d1b5c09aa7a99b2111974
      size: 4112402
    - path: data/processed/valid_tree.parquet
      hash: md5
      md5: dc1de90e6b2ed6beba4290b9f0eacf96
      size: 3749133
    - path: src/model/train_models.py
      hash: md5
      md5: d29af85d8cac7a43776e9c0a49bf0ee1
      size: 13761
    params:
      params.yaml:
        data:
          train_path: data/raw/train.csv
          test_path: data/raw/test.csv
          valid_size: 0.2
          train_log_path: data/processed/train_log.parquet
          valid_log_path: data/processed/valid_log.parquet
          test_log_path: data/processed/test_log.parquet
          train_tree_path: data/processed/train_tree.parquet
          valid_tree_path: data/processed/valid_tree.parquet
          test_tree_path: data/processed/test_tree.parquet
        mlflow:
          tracking_uri: http://localhost:5555
        paths:
          reports_dir: reports/training
          models_dir: models
    outs:
    - path: reports/training/baseline_leaderboard.csv
      hash: md5
      md5: 0cd23b9c567e5987d4d48b98a65b0944
      size: 1510
    - path: reports/training/best_model.json
      hash: md5
      md5: d6247786d470888786ccfa8061bbf936
      size: 363
  tune_model:
    cmd: uv run python src/model/tune_model.py --config 
      configs/model_config.yaml --best-model-json 
      reports/training/best_model.json --train-log 
      data/processed/train_log.parquet --valid-log 
      data/processed/valid_log.parquet --test-log 
      data/processed/test_log.parquet --train-tree 
      data/processed/train_tree.parquet --valid-tree 
      data/processed/valid_tree.parquet --test-tree 
      data/processed/test_tree.parquet --models-dir models --fe-params 
      models/trained/fe_params.pkl --mlflow-tracking-uri http://localhost:5555 
      --n-trials 2 --precision-floor 0.65 --threshold-step 0.01
    deps:
    - path: configs/model_config.yaml
      hash: md5
      md5: ec3c51ddfb56dd8a3781843a701f416a
      size: 1091
    - path: data/processed/test_log.parquet
      hash: md5
      md5: 49144ecbf3b27d1781c845ad0df858c7
      size: 4933461
    - path: data/processed/test_tree.parquet
      hash: md5
      md5: d81273d1f8cee481493b87cff6772284
      size: 4498368
    - path: data/processed/train_log.parquet
      hash: md5
      md5: 3a3388332bb25173e59bacf5d3fdd754
      size: 13694288
    - path: data/processed/train_tree.parquet
      hash: md5
      md5: 3d9463df9f5168a076e877bea6054b29
      size: 12484324
    - path: data/processed/valid_log.parquet
      hash: md5
      md5: 864ac0936c0d1b5c09aa7a99b2111974
      size: 4112402
    - path: data/processed/valid_tree.parquet
      hash: md5
      md5: dc1de90e6b2ed6beba4290b9f0eacf96
      size: 3749133
    - path: models/trained/fe_params.pkl
      hash: md5
      md5: db924eb393a77efbcebef06ca06bfe35
      size: 143
    - path: reports/training/best_model.json
      hash: md5
      md5: d6247786d470888786ccfa8061bbf936
      size: 363
    - path: src/model/tune_model.py
      hash: md5
      md5: d3bdefe92be59b01714fa3b289ed57f3
      size: 24024
    params:
      params.yaml:
        data:
          train_path: data/raw/train.csv
          test_path: data/raw/test.csv
          valid_size: 0.2
          train_log_path: data/processed/train_log.parquet
          valid_log_path: data/processed/valid_log.parquet
          test_log_path: data/processed/test_log.parquet
          train_tree_path: data/processed/train_tree.parquet
          valid_tree_path: data/processed/valid_tree.parquet
          test_tree_path: data/processed/test_tree.parquet
        mlflow:
          tracking_uri: http://localhost:5555
        paths:
          reports_dir: reports/training
          models_dir: models
        tune:
          n_trials: 2
          precision_floor: 0.65
          threshold_step: 0.01
    outs:
    - path: models/trained/model_columns.pkl
      hash: md5
      md5: 269d9178036b94cf91e36270c0493f5e
      size: 470
    - path: models/trained/trained_model.pkl
      hash: md5
      md5: 9361a8b06b814c1d231a8a0b86b44ce4
      size: 1011588
    - path: models/trained/trained_model_meta.json
      hash: md5
      md5: a772c0b4ff4b346cc901ce58f5a1a154
      size: 1990
    - path: models/trained/tuning_pr_auc_by_trial.png
      hash: md5
      md5: 29f70d294775beec328c24150d2e1534
      size: 45715
