schema: '2.0'
stages:
  feature_engineering:
    cmd: uv run python src/features/FeatureEngineering.py --train-input 
      data/raw/train.csv --test-input data/raw/test.csv --train-log-output 
      data/processed/train_log.parquet --test-log-output 
      data/processed/test_log.parquet --train-tree-output 
      data/processed/train_tree.parquet --test-tree-output 
      data/processed/test_tree.parquet --fe-params-output 
      models/trained/fe_params.pkl
    deps:
    - path: data/raw/test.csv
      hash: md5
      md5: 71cbfc58c90d5395ee12ac55cb690f0d
      size: 21161300
    - path: data/raw/train.csv
      hash: md5
      md5: b36bbe29222125a32dd0a5d40bd7c126
      size: 84701362
    - path: src/features/FeatureEngineering.py
      hash: md5
      md5: 1e7b13c7e5af46b04f7d7ee097063fca
      size: 10820
    params:
      params.yaml:
        data:
          train_path: data/raw/train.csv
          test_path: data/raw/test.csv
          train_log_path: data/processed/train_log.parquet
          test_log_path: data/processed/test_log.parquet
          train_tree_path: data/processed/train_tree.parquet
          test_tree_path: data/processed/test_tree.parquet
    outs:
    - path: data/processed/test_log.parquet
      hash: md5
      md5: ef094798798c80b6c36f1fca2f05e7a2
      size: 6399596
    - path: data/processed/test_tree.parquet
      hash: md5
      md5: fa17305d17cd2bbdc95f01f8982f9c6b
      size: 5964541
    - path: data/processed/train_log.parquet
      hash: md5
      md5: 31b19a4fc9fbbea0bdab8505f164e6e7
      size: 21767996
    - path: data/processed/train_tree.parquet
      hash: md5
      md5: fbf54dc6bf3f1811f5297fe525f1773e
      size: 20270322
    - path: models/trained/fe_params.pkl
      hash: md5
      md5: eb9d33ffd3c809a7ef67f91116ccd0ef
      size: 257
  train_models:
    cmd: uv run python src/model/train_models.py --config 
      configs/model_config.yaml --train-log data/processed/train_log.parquet 
      --test-log data/processed/test_log.parquet --train-tree 
      data/processed/train_tree.parquet --test-tree 
      data/processed/test_tree.parquet --reports-dir reports/training 
      --mlflow-tracking-uri http://localhost:5555
    deps:
    - path: configs/model_config.yaml
      hash: md5
      md5: 6630810452b745e117d6e14e3376dca0
      size: 1134
    - path: data/processed/test_log.parquet
      hash: md5
      md5: ef094798798c80b6c36f1fca2f05e7a2
      size: 6399596
    - path: data/processed/test_tree.parquet
      hash: md5
      md5: fa17305d17cd2bbdc95f01f8982f9c6b
      size: 5964541
    - path: data/processed/train_log.parquet
      hash: md5
      md5: 31b19a4fc9fbbea0bdab8505f164e6e7
      size: 21767996
    - path: data/processed/train_tree.parquet
      hash: md5
      md5: fbf54dc6bf3f1811f5297fe525f1773e
      size: 20270322
    - path: src/model/train_models.py
      hash: md5
      md5: f0672548f600ad3c42bccf8c2602c6d0
      size: 16364
    params:
      params.yaml:
        data:
          train_path: data/raw/train.csv
          test_path: data/raw/test.csv
          train_log_path: data/processed/train_log.parquet
          test_log_path: data/processed/test_log.parquet
          train_tree_path: data/processed/train_tree.parquet
          test_tree_path: data/processed/test_tree.parquet
        mlflow:
          tracking_uri: http://localhost:5555
        paths:
          reports_dir: reports/training
          models_dir: models
    outs:
    - path: reports/training/baseline_leaderboard.csv
      hash: md5
      md5: 7b7e84788c6cddaa976a436ccee85520
      size: 1745
    - path: reports/training/best_model.json
      hash: md5
      md5: 4fccb518b2b5de3dc0a3007de01eeacf
      size: 333
  tune_model:
    cmd: uv run python src/model/tune_model.py --config 
      configs/model_config.yaml --best-model-json 
      reports/training/best_model.json --train-log 
      data/processed/train_log.parquet --test-log 
      data/processed/test_log.parquet --train-tree 
      data/processed/train_tree.parquet --test-tree 
      data/processed/test_tree.parquet --models-dir models --fe-params 
      models/trained/fe_params.pkl --mlflow-tracking-uri http://localhost:5555 
      --n-trials 2 --cv 2
    deps:
    - path: configs/model_config.yaml
      hash: md5
      md5: 6630810452b745e117d6e14e3376dca0
      size: 1134
    - path: data/processed/test_log.parquet
      hash: md5
      md5: ef094798798c80b6c36f1fca2f05e7a2
      size: 6399596
    - path: data/processed/test_tree.parquet
      hash: md5
      md5: fa17305d17cd2bbdc95f01f8982f9c6b
      size: 5964541
    - path: data/processed/train_log.parquet
      hash: md5
      md5: 31b19a4fc9fbbea0bdab8505f164e6e7
      size: 21767996
    - path: data/processed/train_tree.parquet
      hash: md5
      md5: fbf54dc6bf3f1811f5297fe525f1773e
      size: 20270322
    - path: models/trained/fe_params.pkl
      hash: md5
      md5: eb9d33ffd3c809a7ef67f91116ccd0ef
      size: 257
    - path: reports/training/best_model.json
      hash: md5
      md5: 4fccb518b2b5de3dc0a3007de01eeacf
      size: 333
    - path: src/model/tune_model.py
      hash: md5
      md5: b6e7f0a27a746ec850de938cc7c97c95
      size: 15093
    params:
      params.yaml:
        data:
          train_path: data/raw/train.csv
          test_path: data/raw/test.csv
          train_log_path: data/processed/train_log.parquet
          test_log_path: data/processed/test_log.parquet
          train_tree_path: data/processed/train_tree.parquet
          test_tree_path: data/processed/test_tree.parquet
        mlflow:
          tracking_uri: http://localhost:5555
        paths:
          reports_dir: reports/training
          models_dir: models
        tune:
          n_trials: 2
          cv: 2
    outs:
    - path: models/artifacts
      hash: md5
      md5: 072a6570135e6282498f212b03dc57ed.dir
      size: 1937
      nfiles: 1
    - path: models/trained/model_columns.pkl
      hash: md5
      md5: 269d9178036b94cf91e36270c0493f5e
      size: 470
    - path: models/trained/trained_model.pkl
      hash: md5
      md5: 15b079255b514b28ce3c4aa90ca47ad0
      size: 2817388
    - path: models/trained/trained_model_meta.json
      hash: md5
      md5: 9630f7e2b160aa40cfb68ee7f05bf2ef
      size: 661
